// !$*UTF8*$!
{
	archiveVersion = 1;
	classes = {
	};
	objectVersion = 46;
	objects = {

/* Begin PBXBuildFile section */
		F33A1C971D29C15400F51DCD /* AppDelegate.swift in Sources */ = {isa = PBXBuildFile; fileRef = F33A1C961D29C15400F51DCD /* AppDelegate.swift */; };
		F33A1C991D29C15400F51DCD /* ViewController.swift in Sources */ = {isa = PBXBuildFile; fileRef = F33A1C981D29C15400F51DCD /* ViewController.swift */; };
		F33A1C9C1D29C15400F51DCD /* Main.storyboard in Resources */ = {isa = PBXBuildFile; fileRef = F33A1C9A1D29C15400F51DCD /* Main.storyboard */; };
		F33A1C9E1D29C15400F51DCD /* Assets.xcassets in Resources */ = {isa = PBXBuildFile; fileRef = F33A1C9D1D29C15400F51DCD /* Assets.xcassets */; };
		F33A1CA11D29C15400F51DCD /* LaunchScreen.storyboard in Resources */ = {isa = PBXBuildFile; fileRef = F33A1C9F1D29C15400F51DCD /* LaunchScreen.storyboard */; };
/* End PBXBuildFile section */

/* Begin PBXFileReference section */
		F33A1C931D29C15400F51DCD /* Assignment 5B.app */ = {isa = PBXFileReference; explicitFileType = wrapper.application; includeInIndex = 0; path = "Assignment 5B.app"; sourceTree = BUILT_PRODUCTS_DIR; };
		F33A1C961D29C15400F51DCD /* AppDelegate.swift */ = {isa = PBXFileReference; lastKnownFileType = sourcecode.swift; path = AppDelegate.swift; sourceTree = "<group>"; };
		F33A1C981D29C15400F51DCD /* ViewController.swift */ = {isa = PBXFileReference; lastKnownFileType = sourcecode.swift; path = ViewController.swift; sourceTree = "<group>"; };
		F33A1C9B1D29C15400F51DCD /* Base */ = {isa = PBXFileReference; lastKnownFileType = file.storyboard; name = Base; path = Base.lproj/Main.storyboard; sourceTree = "<group>"; };
		F33A1C9D1D29C15400F51DCD /* Assets.xcassets */ = {isa = PBXFileReference; lastKnownFileType = folder.assetcatalog; path = Assets.xcassets; sourceTree = "<group>"; };
		F33A1CA01D29C15400F51DCD /* Base */ = {isa = PBXFileReference; lastKnownFileType = file.storyboard; name = Base; path = Base.lproj/LaunchScreen.storyboard; sourceTree = "<group>"; };
		F33A1CA21D29C15400F51DCD /* Info.plist */ = {isa = PBXFileReference; lastKnownFileType = text.plist.xml; path = Info.plist; sourceTree = "<group>"; };
/* End PBXFileReference section */

/* Begin PBXFrameworksBuildPhase section */
		F33A1C901D29C15400F51DCD /* Frameworks */ = {
			isa = PBXFrameworksBuildPhase;
			buildActionMask = 2147483647;
			files = (
			);
			runOnlyForDeploymentPostprocessing = 0;
		};
/* End PBXFrameworksBuildPhase section */

/* Begin PBXGroup section */
		F33A1C8A1D29C15400F51DCD = {
			isa = PBXGroup;
			children = (
				F33A1C951D29C15400F51DCD /* Assignment 5B */,
				F33A1C941D29C15400F51DCD /* Products */,
			);
			sourceTree = "<group>";
		};
		F33A1C941D29C15400F51DCD /* Products */ = {
			isa = PBXGroup;
			children = (
				F33A1C931D29C15400F51DCD /* Assignment 5B.app */,
			);
			name = Products;
			sourceTree = "<group>";
		};
		F33A1C951D29C15400F51DCD /* Assignment 5B */ = {
			isa = PBXGroup;
			children = (
				F33A1C961D29C15400F51DCD /* AppDelegate.swift */,
				F33A1C981D29C15400F51DCD /* ViewController.swift */,
				F33A1C9A1D29C15400F51DCD /* Main.storyboard */,
				F33A1C9D1D29C15400F51DCD /* Assets.xcassets */,
				F33A1C9F1D29C15400F51DCD /* LaunchScreen.storyboard */,
				F33A1CA21D29C15400F51DCD /* Info.plist */,
			);
			path = "Assignment 5B";
			sourceTree = "<group>";
		};
/* End PBXGroup section */

/* Begin PBXNativeTarget section */
		F33A1C921D29C15400F51DCD /* Assignment 5B */ = {
			isa = PBXNativeTarget;
			buildConfigurationList = F33A1CA51D29C15400F51DCD /* Build configuration list for PBXNativeTarget "Assignment 5B" */;
			buildPhases = (
				F33A1C8F1D29C15400F51DCD /* Sources */,
				F33A1C901D29C15400F51DCD /* Frameworks */,
				F33A1C911D29C15400F51DCD /* Resources */,
			);
			buildRules = (
			);
			dependencies = (
			);
			name = "Assignment 5B";
			productName = "Assignment 5B";
			productReference = F33A1C931D29C15400F51DCD /* Assignment 5B.app */;
			productType = "com.apple.product-type.application";
		};
/* End PBXNativeTarget section */

/* Begin PBXProject section */
		F33A1C8B1D29C15400F51DCD /* Project object */ = {
			isa = PBXProject;
			attributes = {
				LastSwiftUpdateCheck = 0730;
				LastUpgradeCheck = 0730;
				ORGANIZATIONNAME = IlhamNurjadin;
				TargetAttributes = {
					F33A1C921D29C15400F51DCD = {
						CreatedOnToolsVersion = 7.3;
					};
				};
			};
			buildConfigurationList = F33A1C8E1D29C15400F51DCD /* Build configuration list for PBXProject "Assignment 5B" */;
			compatibilityVersion = "Xcode 3.2";
			developmentRegion = English;
			hasScannedForEncodings = 0;
			knownRegions = (
				en,
				Base,
			);
			mainGroup = F33A1C8A1D29C15400F51DCD;
			productRefGroup = F33A1C941D29C15400F51DCD /* Products */;
			projectDirPath = "";
			projectRoot = "";
			targets = (
				F33A1C921D29C15400F51DCD /* Assignment 5B */,
			);
		};
/* End PBXProject section */

/* Begin PBXResourcesBuildPhase section */
		F33A1C911D29C15400F51DCD /* Resources */ = {
			isa = PBXResourcesBuildPhase;
			buildActionMask = 2147483647;
			files = (
				F33A1CA11D29C15400F51DCD /* LaunchScreen.storyboard in Resources */,
				F33A1C9E1D29C15400F51DCD /* Assets.xcassets in Resources */,
				F33A1C9C1D29C15400F51DCD /* Main.storyboard in Resources */,
			);
			runOnlyForDeploymentPostprocessing = 0;
		};
/* End PBXResourcesBuildPhase section */

/* Begin PBXSourcesBuildPhase section */
		F33A1C8F1D29C15400F51DCD /* Sources */ = {
			isa = PBXSourcesBuildPhase;
			buildActionMask = 2147483647;
			files = (
				F33A1C991D29C15400F51DCD /* ViewController.swift in Sources */,
				F33A1C971D29C15400F51DCD /* AppDelegate.swift in Sources */,
			);
			runOnlyForDeploymentPostprocessing = 0;
		};
/* End PBXSourcesBuildPhase section */

/* Begin PBXVariantGroup section */
		F33A1C9A1D29C15400F51DCD /* Main.storyboard */ = {
			isa = PBXVariantGroup;
			children = (
				F33A1C9B1D29C15400F51DCD /* Base */,
			);
			name = Main.storyboard;
			sourceTree = "<group>";
		};
		F33A1C9F1D29C15400F51DCD /* LaunchScreen.storyboard */ = {
			isa = PBXVariantGroup;
			children = (
				F33A1CA01D29C15400F51DCD /* Base */,
			);
			name = LaunchScreen.storyboard;
			sourceTree = "<group>";
		};
/* End PBXVariantGroup section */

/* Begin XCBuildConfiguration section */
		F33A1CA31D29C15400F51DCD /* Debug */ = {
			isa = XCBuildConfiguration;
			buildSettings = {
				ALWAYS_SEARCH_USER_PATHS = NO;
				CLANG_ANALYZER_NONNULL = YES;
				CLANG_CXX_LANGUAGE_STANDARD = "gnu++0x";
				CLANG_CXX_LIBRARY = "libc++";
				CLANG_ENABLE_MODULES = YES;
				CLANG_ENABLE_OBJC_ARC = YES;
				CLANG_WARN_BOOL_CONVERSION = YES;
				CLANG_WARN_CONSTANT_CONVERSION = YES;
				CLANG_WARN_DIRECT_OBJC_ISA_USAGE = YES_ERROR;
				CLANG_WARN_EMPTY_BODY = YES;
				CLANG_WARN_ENUM_CONVERSION = YES;
				CLANG_WARN_INT_CONVERSION = YES;
				CLANG_WARN_OBJC_ROOT_CLASS = YES_ERROR;
				CLANG_WARN_UNREACHABLE_CODE = YES;
				CLANG_WARN__DUPLICATE_METHOD_MATCH = YES;
				"CODE_SIGN_IDENTITY[sdk=iphoneos*]" = "iPhone Developer";
				COPY_PHASE_STRIP = NO;
				DEBUG_INFORMATION_FORMAT = dwarf;
				ENABLE_STRICT_OBJC_MSGSEND = YES;
				ENABLE_TESTABILITY = YES;
				GCC_C_LANGUAGE_STANDARD = gnu99;
				GCC_DYNAMIC_NO_PIC = NO;
				GCC_NO_COMMON_BLOCKS = YES;
				GCC_OPTIMIZATION_LEVEL = 0;
				GCC_PREPROCESSOR_DEFINITIONS = (
					"DEBUG=1",
					"$(inherited)",
				);
				GCC_WARN_64_TO_32_BIT_CONVERSION = YES;
				GCC_WARN_ABOUT_RETURN_TYPE = YES_ERROR;
				GCC_WARN_UNDECLARED_SELECTOR = YES;
				GCC_WARN_UNINITIALIZED_AUTOS = YES_AGGRESSIVE;
				GCC_WARN_UNUSED_FUNCTION = YES;
				GCC_WARN_UNUSED_VARIABLE = YES;
				IPHONEOS_DEPLOYMENT_TARGET = 9.3;
				MTL_ENABLE_DEBUG_INFO = YES;
				ONLY_ACTIVE_ARCH = YES;
				SDKROOT = iphoneos;
				SWIFT_OPTIMIZATION_LEVEL = "-Onone";
				TARGETED_DEVICE_FAMILY = "1,2";
			};
			name = Debug;
		};
		F33A1CA41D29C15400F51DCD /* Release */ = {
			isa = XCBuildConfiguration;
			buildSettings = {
				ALWAYS_SEARCH_USER_PATHS = NO;
				CLANG_ANALYZER_NONNULL = YES;
				CLANG_CXX_LANGUAGE_STANDARD = "gnu++0x";
				CLANG_CXX_LIBRARY = "libc++";
				CLANG_ENABLE_MODULES = YES;
				CLANG_ENABLE_OBJC_ARC = YES;
				CLANG_WARN_BOOL_CONVERSION = YES;
				CLANG_WARN_CONSTANT_CONVERSION = YES;
				CLANG_WARN_DIRECT_OBJC_ISA_USAGE = YES_ERROR;
				CLANG_WARN_EMPTY_BODY = YES;
				CLANG_WARN_ENUM_CONVERSION = YES;
				CLANG_WARN_INT_CONVERSION = YES;
				CLANG_WARN_OBJC_ROOT_CLASS = YES_ERROR;
				CLANG_WARN_UNREACHABLE_CODE = YES;
				CLANG_WARN__DUPLICATE_METHOD_MATCH = YES;
				"CODE_SIGN_IDENTITY[sdk=iphoneos*]" = "iPhone Developer";
				COPY_PHASE_STRIP = NO;
				DEBUG_INFORMATION_FORMAT = "dwarf-with-dsym";
				ENABLE_NS_ASSERTIONS = NO;
				ENABLE_STRICT_OBJC_MSGSEND = YES;
				GCC_C_LANGUAGE_STANDARD = gnu99;
				GCC_NO_COMMON_BLOCKS = YES;
				GCC_WARN_64_TO_32_BIT_CONVERSION = YES;
				GCC_WARN_ABOUT_RETURN_TYPE = YES_ERROR;
				GCC_WARN_UNDECLARED_SELECTOR = YES;
				GCC_WARN_UNINITIALIZED_AUTOS = YES_AGGRESSIVE;
				GCC_WARN_UNUSED_FUNCTION = YES;
				GCC_WARN_UNUSED_VARIABLE = YES;
				IPHONEOS_DEPLOYMENT_TARGET = 9.3;
				MTL_ENABLE_DEBUG_INFO = NO;
				SDKROOT = iphoneos;
				TARGETED_DEVICE_FAMILY = "1,2";
				VALIDATE_PRODUCT = YES;
			};
			name = Release;
		};
		F33A1CA61D29C15400F51DCD /* Debug */ = {
			isa = XCBuildConfiguration;
			buildSettings = {
				ASSETCATALOG_COMPILER_APPICON_NAME = AppIcon;
				INFOPLIST_FILE = "Assignment 5B/Info.plist";
				LD_RUNPATH_SEARCH_PATHS = "$(inherited) @executable_path/Frameworks";
				PRODUCT_BUNDLE_IDENTIFIER = "com.IlhamNurjadin.Assignment-5B";
				PRODUCT_NAME = "$(TARGET_NAME)";
			};
			name = Debug;
		};
		F33A1CA71D29C15400F51DCD /* Release */ = {
			isa = XCBuildConfiguration;
			buildSettings = {
				ASSETCATALOG_COMPILER_APPICON_NAME = AppIcon;
				INFOPLIST_FILE = "Assignment 5B/Info.plist";
				LD_RUNPATH_SEARCH_PATHS = "$(inherited) @executable_path/Frameworks";
				PRODUCT_BUNDLE_IDENTIFIER = "com.IlhamNurjadin.Assignment-5B";
				PRODUCT_NAME = "$(TARGET_NAME)";
			};
			name = Release;
		};
/* End XCBuildConfiguration section */

/* Begin XCConfigurationList section */
		F33A1C8E1D29C15400F51DCD /* Build configuration list for PBXProject "Assignment 5B" */ = {
			isa = XCConfigurationList;
			buildConfigurations = (
				F33A1CA31D29C15400F51DCD /* Debug */,
				F33A1CA41D29C15400F51DCD /* Release */,
			);
			defaultConfigurationIsVisible = 0;
			defaultConfigurationName = Release;
		};
		F33A1CA51D29C15400F51DCD /* Build configuration list for PBXNativeTarget "Assignment 5B" */ = {
			isa = XCConfigurationList;
			buildConfigurations = (
				F33A1CA61D29C15400F51DCD /* Debug */,
				F33A1CA71D29C15400F51DCD /* Release */,
			);
			defaultConfigurationIsVisible = 0;
		};
/* End XCConfigurationList section */
	};
	rootObject = F33A1C8B1D29C15400F51DCD /* Project object */;
}
